<?xml version="1.0" encoding="utf-8"?>
<Project ToolsVersion="4.0" xmlns="http://schemas.microsoft.com/developer/msbuild/2003">
  <ItemGroup>
    <Filter Include="src">
      <UniqueIdentifier>{2DAB880B-99B4-887C-2230-9F7C8E38947C}</UniqueIdentifier>
    </Filter>
    <Filter Include="src\EditorWindow">
      <UniqueIdentifier>{7B5FE0B0-6758-FF02-908A-E4877CE2DE0E}</UniqueIdentifier>
    </Filter>
    <Filter Include="src\Panels">
      <UniqueIdentifier>{DFE6F326-CB9E-3574-34A6-0ED0207DD064}</UniqueIdentifier>
    </Filter>
    <Filter Include="src\Panels\AssetBrowser">
      <UniqueIdentifier>{1290A691-7EC7-EE28-87D1-524CF3871522}</UniqueIdentifier>
    </Filter>
    <Filter Include="src\Panels\Console">
      <UniqueIdentifier>{016D6840-ED50-2996-56B1-23E942B41318}</UniqueIdentifier>
    </Filter>
    <Filter Include="src\Panels\GameViewport">
      <UniqueIdentifier>{E8B7382B-54EF-80C2-5DF9-E4E5C9AFA7BB}</UniqueIdentifier>
    </Filter>
    <Filter Include="src\Panels\Inspector">
      <UniqueIdentifier>{65A20A44-5131-940D-FA4F-A808E6BDA4B3}</UniqueIdentifier>
    </Filter>
    <Filter Include="src\Panels\MenuBar">
      <UniqueIdentifier>{388EDB2A-2472-9C80-8DD2-96D379D58602}</UniqueIdentifier>
    </Filter>
    <Filter Include="src\Panels\Profiler">
      <UniqueIdentifier>{11332335-7D94-0043-0602-47F572623702}</UniqueIdentifier>
    </Filter>
    <Filter Include="src\Panels\Resources">
      <UniqueIdentifier>{096FEE0C-F5FD-77D6-9E1C-8CD18A8A887C}</UniqueIdentifier>
    </Filter>
    <Filter Include="src\Panels\SceneHierarchy">
      <UniqueIdentifier>{3B4A5EEE-A70C-9278-F0BC-20055CBE6A56}</UniqueIdentifier>
    </Filter>
    <Filter Include="src\Panels\SceneViewport">
      <UniqueIdentifier>{3C67F7FA-288C-467B-51D7-2B0B3D5B4599}</UniqueIdentifier>
    </Filter>
    <Filter Include="src\Window">
      <UniqueIdentifier>{74C3D837-607B-1A85-C982-F3E0B559B575}</UniqueIdentifier>
    </Filter>
  </ItemGroup>
  <ItemGroup>
    <ClInclude Include="src\EditorWindow\Editor.h">
      <Filter>src\EditorWindow</Filter>
    </ClInclude>
    <ClInclude Include="src\Panels\AssetBrowser\AssetBrowser.h">
      <Filter>src\Panels\AssetBrowser</Filter>
    </ClInclude>
    <ClInclude Include="src\Panels\Console\Console.h">
      <Filter>src\Panels\Console</Filter>
    </ClInclude>
    <ClInclude Include="src\Panels\GameViewport\GameViewport.h">
      <Filter>src\Panels\GameViewport</Filter>
    </ClInclude>
    <ClInclude Include="src\Panels\Inspector\Inspector.h">
      <Filter>src\Panels\Inspector</Filter>
    </ClInclude>
    <ClInclude Include="src\Panels\MenuBar\Menubar.h">
      <Filter>src\Panels\MenuBar</Filter>
    </ClInclude>
    <ClInclude Include="src\Panels\Profiler\Profiler.h">
      <Filter>src\Panels\Profiler</Filter>
    </ClInclude>
    <ClInclude Include="src\Panels\Resources\Resources.h">
      <Filter>src\Panels\Resources</Filter>
    </ClInclude>
    <ClInclude Include="src\Panels\SceneHierarchy\SceneHierarchy.h">
      <Filter>src\Panels\SceneHierarchy</Filter>
    </ClInclude>
    <ClInclude Include="src\Panels\SceneViewport\SceneViewport.h">
      <Filter>src\Panels\SceneViewport</Filter>
    </ClInclude>
    <ClInclude Include="src\Window\Window.h">
      <Filter>src\Window</Filter>
    </ClInclude>
    <ClInclude Include="src\Menus\NewProject\NewProject.h" />
  </ItemGroup>
  <ItemGroup>
    <ClCompile Include="src\Main.cpp" />
    <ClCompile Include="src\EditorWindow\Editor.cpp">
      <Filter>src\EditorWindow</Filter>
    </ClCompile>
    <ClCompile Include="src\Panels\AssetBrowser\AssetBrowser.cpp">
      <Filter>src\Panels\AssetBrowser</Filter>
    </ClCompile>
    <ClCompile Include="src\Panels\Console\Console.cpp">
      <Filter>src\Panels\Console</Filter>
    </ClCompile>
    <ClCompile Include="src\Panels\GameViewport\GameViewport.cpp">
      <Filter>src\Panels\GameViewport</Filter>
    </ClCompile>
    <ClCompile Include="src\Panels\Inspector\Inspector.cpp">
      <Filter>src\Panels\Inspector</Filter>
    </ClCompile>
    <ClCompile Include="src\Panels\MenuBar\Menubar.cpp">
      <Filter>src\Panels\MenuBar</Filter>
    </ClCompile>
    <ClCompile Include="src\Panels\Profiler\Profiler.cpp">
      <Filter>src\Panels\Profiler</Filter>
    </ClCompile>
    <ClCompile Include="src\Panels\Resources\Resources.cpp">
      <Filter>src\Panels\Resources</Filter>
    </ClCompile>
    <ClCompile Include="src\Panels\SceneHierarchy\SceneHierarchy.cpp">
      <Filter>src\Panels\SceneHierarchy</Filter>
    </ClCompile>
    <ClCompile Include="src\Panels\SceneViewport\SceneViewport.cpp">
      <Filter>src\Panels\SceneViewport</Filter>
    </ClCompile>
    <ClCompile Include="src\Window\Window.cpp">
      <Filter>src\Window</Filter>
    </ClCompile>
  </ItemGroup>
</Project>